// !$*UTF8*$!
{
	archiveVersion = 1;
	classes = {
	};
	objectVersion = 46;
	objects = {

/* Begin PBXBuildFile section */
		EC01EB8B1A76CADA009CA309 /* CoordFormatTVC.swift in Sources */ = {isa = PBXBuildFile; fileRef = EC01EB8A1A76CADA009CA309 /* CoordFormatTVC.swift */; };
		ECD3002B1A753F2400F6CD9D /* AvgCoordsVC.swift in Sources */ = {isa = PBXBuildFile; fileRef = ECD3002A1A753F2400F6CD9D /* AvgCoordsVC.swift */; };
		ECD3002D1A7543E000F6CD9D /* SavedCoordsTVC.swift in Sources */ = {isa = PBXBuildFile; fileRef = ECD3002C1A7543E000F6CD9D /* SavedCoordsTVC.swift */; };
		ECD3002F1A754DE900F6CD9D /* Functions.swift in Sources */ = {isa = PBXBuildFile; fileRef = ECD3002E1A754DE900F6CD9D /* Functions.swift */; };
		ECD3FFD31A740ECA00F6CD9D /* AppDelegate.swift in Sources */ = {isa = PBXBuildFile; fileRef = ECD3FFD21A740ECA00F6CD9D /* AppDelegate.swift */; };
		ECD3FFD51A740ECA00F6CD9D /* ViewController.swift in Sources */ = {isa = PBXBuildFile; fileRef = ECD3FFD41A740ECA00F6CD9D /* ViewController.swift */; };
		ECD3FFD81A740ECA00F6CD9D /* Main.storyboard in Resources */ = {isa = PBXBuildFile; fileRef = ECD3FFD61A740ECA00F6CD9D /* Main.storyboard */; };
		ECD3FFDA1A740ECA00F6CD9D /* Images.xcassets in Resources */ = {isa = PBXBuildFile; fileRef = ECD3FFD91A740ECA00F6CD9D /* Images.xcassets */; };
		ECD3FFDD1A740ECA00F6CD9D /* LaunchScreen.xib in Resources */ = {isa = PBXBuildFile; fileRef = ECD3FFDB1A740ECA00F6CD9D /* LaunchScreen.xib */; };
		ECD3FFE91A740ECA00F6CD9D /* GPS_AveragerTests.swift in Sources */ = {isa = PBXBuildFile; fileRef = ECD3FFE81A740ECA00F6CD9D /* GPS_AveragerTests.swift */; };
		ECD3FFF31A740FFA00F6CD9D /* CoreLocation.framework in Frameworks */ = {isa = PBXBuildFile; fileRef = ECD3FFF21A740FFA00F6CD9D /* CoreLocation.framework */; };
		ECD3FFF61A741C3D00F6CD9D /* MapKit.framework in Frameworks */ = {isa = PBXBuildFile; fileRef = ECD3FFF51A741C3D00F6CD9D /* MapKit.framework */; };
/* End PBXBuildFile section */

/* Begin PBXContainerItemProxy section */
		ECD3FFE31A740ECA00F6CD9D /* PBXContainerItemProxy */ = {
			isa = PBXContainerItemProxy;
			containerPortal = ECD3FFC51A740ECA00F6CD9D /* Project object */;
			proxyType = 1;
			remoteGlobalIDString = ECD3FFCC1A740ECA00F6CD9D;
			remoteInfo = "GPS Averager";
		};
/* End PBXContainerItemProxy section */

/* Begin PBXFileReference section */
		EC01EB8A1A76CADA009CA309 /* CoordFormatTVC.swift */ = {isa = PBXFileReference; fileEncoding = 4; lastKnownFileType = sourcecode.swift; path = CoordFormatTVC.swift; sourceTree = "<group>"; };
		ECD3002A1A753F2400F6CD9D /* AvgCoordsVC.swift */ = {isa = PBXFileReference; fileEncoding = 4; lastKnownFileType = sourcecode.swift; path = AvgCoordsVC.swift; sourceTree = "<group>"; };
		ECD3002C1A7543E000F6CD9D /* SavedCoordsTVC.swift */ = {isa = PBXFileReference; fileEncoding = 4; lastKnownFileType = sourcecode.swift; path = SavedCoordsTVC.swift; sourceTree = "<group>"; };
		ECD3002E1A754DE900F6CD9D /* Functions.swift */ = {isa = PBXFileReference; fileEncoding = 4; lastKnownFileType = sourcecode.swift; path = Functions.swift; sourceTree = "<group>"; };
		ECD3FFCD1A740ECA00F6CD9D /* GPS Averager.app */ = {isa = PBXFileReference; explicitFileType = wrapper.application; includeInIndex = 0; path = "GPS Averager.app"; sourceTree = BUILT_PRODUCTS_DIR; };
		ECD3FFD11A740ECA00F6CD9D /* Info.plist */ = {isa = PBXFileReference; lastKnownFileType = text.plist.xml; path = Info.plist; sourceTree = "<group>"; };
		ECD3FFD21A740ECA00F6CD9D /* AppDelegate.swift */ = {isa = PBXFileReference; lastKnownFileType = sourcecode.swift; path = AppDelegate.swift; sourceTree = "<group>"; };
		ECD3FFD41A740ECA00F6CD9D /* ViewController.swift */ = {isa = PBXFileReference; lastKnownFileType = sourcecode.swift; path = ViewController.swift; sourceTree = "<group>"; };
		ECD3FFD71A740ECA00F6CD9D /* Base */ = {isa = PBXFileReference; lastKnownFileType = file.storyboard; name = Base; path = Base.lproj/Main.storyboard; sourceTree = "<group>"; };
		ECD3FFD91A740ECA00F6CD9D /* Images.xcassets */ = {isa = PBXFileReference; lastKnownFileType = folder.assetcatalog; path = Images.xcassets; sourceTree = "<group>"; };
		ECD3FFDC1A740ECA00F6CD9D /* Base */ = {isa = PBXFileReference; lastKnownFileType = file.xib; name = Base; path = Base.lproj/LaunchScreen.xib; sourceTree = "<group>"; };
		ECD3FFE21A740ECA00F6CD9D /* GPS AveragerTests.xctest */ = {isa = PBXFileReference; explicitFileType = wrapper.cfbundle; includeInIndex = 0; path = "GPS AveragerTests.xctest"; sourceTree = BUILT_PRODUCTS_DIR; };
		ECD3FFE71A740ECA00F6CD9D /* Info.plist */ = {isa = PBXFileReference; lastKnownFileType = text.plist.xml; path = Info.plist; sourceTree = "<group>"; };
		ECD3FFE81A740ECA00F6CD9D /* GPS_AveragerTests.swift */ = {isa = PBXFileReference; lastKnownFileType = sourcecode.swift; path = GPS_AveragerTests.swift; sourceTree = "<group>"; };
		ECD3FFF21A740FFA00F6CD9D /* CoreLocation.framework */ = {isa = PBXFileReference; lastKnownFileType = wrapper.framework; name = CoreLocation.framework; path = System/Library/Frameworks/CoreLocation.framework; sourceTree = SDKROOT; };
		ECD3FFF51A741C3D00F6CD9D /* MapKit.framework */ = {isa = PBXFileReference; lastKnownFileType = wrapper.framework; name = MapKit.framework; path = System/Library/Frameworks/MapKit.framework; sourceTree = SDKROOT; };
/* End PBXFileReference section */

/* Begin PBXFrameworksBuildPhase section */
		ECD3FFCA1A740ECA00F6CD9D /* Frameworks */ = {
			isa = PBXFrameworksBuildPhase;
			buildActionMask = 2147483647;
			files = (
				ECD3FFF61A741C3D00F6CD9D /* MapKit.framework in Frameworks */,
				ECD3FFF31A740FFA00F6CD9D /* CoreLocation.framework in Frameworks */,
			);
			runOnlyForDeploymentPostprocessing = 0;
		};
		ECD3FFDF1A740ECA00F6CD9D /* Frameworks */ = {
			isa = PBXFrameworksBuildPhase;
			buildActionMask = 2147483647;
			files = (
			);
			runOnlyForDeploymentPostprocessing = 0;
		};
/* End PBXFrameworksBuildPhase section */

/* Begin PBXGroup section */
		ECD3FFC41A740ECA00F6CD9D = {
			isa = PBXGroup;
			children = (
				ECD3FFCF1A740ECA00F6CD9D /* GPS Averager */,
				ECD3FFE51A740ECA00F6CD9D /* GPS AveragerTests */,
				ECD3FFCE1A740ECA00F6CD9D /* Products */,
				ECD3FFF41A74196F00F6CD9D /* Frameworks */,
			);
			sourceTree = "<group>";
		};
		ECD3FFCE1A740ECA00F6CD9D /* Products */ = {
			isa = PBXGroup;
			children = (
				ECD3FFCD1A740ECA00F6CD9D /* GPS Averager.app */,
				ECD3FFE21A740ECA00F6CD9D /* GPS AveragerTests.xctest */,
			);
			name = Products;
			sourceTree = "<group>";
		};
		ECD3FFCF1A740ECA00F6CD9D /* GPS Averager */ = {
			isa = PBXGroup;
			children = (
				ECD3002E1A754DE900F6CD9D /* Functions.swift */,
				ECD3FFD41A740ECA00F6CD9D /* ViewController.swift */,
				ECD3002A1A753F2400F6CD9D /* AvgCoordsVC.swift */,
				ECD3002C1A7543E000F6CD9D /* SavedCoordsTVC.swift */,
				EC01EB8A1A76CADA009CA309 /* CoordFormatTVC.swift */,
				ECD3FFD61A740ECA00F6CD9D /* Main.storyboard */,
				ECD3FFD01A740ECA00F6CD9D /* Supporting Files */,
			);
			path = "GPS Averager";
			sourceTree = "<group>";
		};
		ECD3FFD01A740ECA00F6CD9D /* Supporting Files */ = {
			isa = PBXGroup;
			children = (
				ECD3FFD91A740ECA00F6CD9D /* Images.xcassets */,
				ECD3FFDB1A740ECA00F6CD9D /* LaunchScreen.xib */,
				ECD3FFD21A740ECA00F6CD9D /* AppDelegate.swift */,
				ECD3FFD11A740ECA00F6CD9D /* Info.plist */,
			);
			name = "Supporting Files";
			sourceTree = "<group>";
		};
		ECD3FFE51A740ECA00F6CD9D /* GPS AveragerTests */ = {
			isa = PBXGroup;
			children = (
				ECD3FFE81A740ECA00F6CD9D /* GPS_AveragerTests.swift */,
				ECD3FFE61A740ECA00F6CD9D /* Supporting Files */,
			);
			path = "GPS AveragerTests";
			sourceTree = "<group>";
		};
		ECD3FFE61A740ECA00F6CD9D /* Supporting Files */ = {
			isa = PBXGroup;
			children = (
				ECD3FFE71A740ECA00F6CD9D /* Info.plist */,
			);
			name = "Supporting Files";
			sourceTree = "<group>";
		};
		ECD3FFF41A74196F00F6CD9D /* Frameworks */ = {
			isa = PBXGroup;
			children = (
				ECD3FFF51A741C3D00F6CD9D /* MapKit.framework */,
				ECD3FFF21A740FFA00F6CD9D /* CoreLocation.framework */,
			);
			name = Frameworks;
			sourceTree = "<group>";
		};
/* End PBXGroup section */

/* Begin PBXNativeTarget section */
		ECD3FFCC1A740ECA00F6CD9D /* GPS Averager */ = {
			isa = PBXNativeTarget;
			buildConfigurationList = ECD3FFEC1A740ECA00F6CD9D /* Build configuration list for PBXNativeTarget "GPS Averager" */;
			buildPhases = (
				ECD3FFC91A740ECA00F6CD9D /* Sources */,
				ECD3FFCA1A740ECA00F6CD9D /* Frameworks */,
				ECD3FFCB1A740ECA00F6CD9D /* Resources */,
				EC4EFAAE1A7FBC8500F3A2F8 /* ShellScript */,
			);
			buildRules = (
			);
			dependencies = (
			);
			name = "GPS Averager";
			productName = "GPS Averager";
			productReference = ECD3FFCD1A740ECA00F6CD9D /* GPS Averager.app */;
			productType = "com.apple.product-type.application";
		};
		ECD3FFE11A740ECA00F6CD9D /* GPS AveragerTests */ = {
			isa = PBXNativeTarget;
			buildConfigurationList = ECD3FFEF1A740ECA00F6CD9D /* Build configuration list for PBXNativeTarget "GPS AveragerTests" */;
			buildPhases = (
				ECD3FFDE1A740ECA00F6CD9D /* Sources */,
				ECD3FFDF1A740ECA00F6CD9D /* Frameworks */,
				ECD3FFE01A740ECA00F6CD9D /* Resources */,
			);
			buildRules = (
			);
			dependencies = (
				ECD3FFE41A740ECA00F6CD9D /* PBXTargetDependency */,
			);
			name = "GPS AveragerTests";
			productName = "GPS AveragerTests";
			productReference = ECD3FFE21A740ECA00F6CD9D /* GPS AveragerTests.xctest */;
			productType = "com.apple.product-type.bundle.unit-test";
		};
/* End PBXNativeTarget section */

/* Begin PBXProject section */
		ECD3FFC51A740ECA00F6CD9D /* Project object */ = {
			isa = PBXProject;
			attributes = {
				LastUpgradeCheck = 0610;
				ORGANIZATIONNAME = "Proximity Viz LLC";
				TargetAttributes = {
					ECD3FFCC1A740ECA00F6CD9D = {
						CreatedOnToolsVersion = 6.1.1;
					};
					ECD3FFE11A740ECA00F6CD9D = {
						CreatedOnToolsVersion = 6.1.1;
						TestTargetID = ECD3FFCC1A740ECA00F6CD9D;
					};
				};
			};
			buildConfigurationList = ECD3FFC81A740ECA00F6CD9D /* Build configuration list for PBXProject "GPS Averager" */;
			compatibilityVersion = "Xcode 3.2";
			developmentRegion = English;
			hasScannedForEncodings = 0;
			knownRegions = (
				en,
				Base,
			);
			mainGroup = ECD3FFC41A740ECA00F6CD9D;
			productRefGroup = ECD3FFCE1A740ECA00F6CD9D /* Products */;
			projectDirPath = "";
			projectRoot = "";
			targets = (
				ECD3FFCC1A740ECA00F6CD9D /* GPS Averager */,
				ECD3FFE11A740ECA00F6CD9D /* GPS AveragerTests */,
			);
		};
/* End PBXProject section */

/* Begin PBXResourcesBuildPhase section */
		ECD3FFCB1A740ECA00F6CD9D /* Resources */ = {
			isa = PBXResourcesBuildPhase;
			buildActionMask = 2147483647;
			files = (
				ECD3FFD81A740ECA00F6CD9D /* Main.storyboard in Resources */,
				ECD3FFDD1A740ECA00F6CD9D /* LaunchScreen.xib in Resources */,
				ECD3FFDA1A740ECA00F6CD9D /* Images.xcassets in Resources */,
			);
			runOnlyForDeploymentPostprocessing = 0;
		};
		ECD3FFE01A740ECA00F6CD9D /* Resources */ = {
			isa = PBXResourcesBuildPhase;
			buildActionMask = 2147483647;
			files = (
			);
			runOnlyForDeploymentPostprocessing = 0;
		};
/* End PBXResourcesBuildPhase section */

/* Begin PBXShellScriptBuildPhase section */
		EC4EFAAE1A7FBC8500F3A2F8 /* ShellScript */ = {
			isa = PBXShellScriptBuildPhase;
			buildActionMask = 2147483647;
			files = (
			);
			inputPaths = (
			);
			outputPaths = (
			);
			runOnlyForDeploymentPostprocessing = 0;
			shellPath = /bin/sh;
			shellScript = "TAGS=\"TODO:|FIXME:\"\necho \"searching ${SRCROOT} for ${TAGS}\"\nfind \"${SRCROOT}\" \\( -name \"*.swift\" \\) -print0 | xargs -0 egrep --with-filename --line-number --only-matching \"($TAGS).*\\$\" | perl -p -e \"s/($TAGS)/ warning: \\$1/\"";
		};
/* End PBXShellScriptBuildPhase section */

/* Begin PBXSourcesBuildPhase section */
		ECD3FFC91A740ECA00F6CD9D /* Sources */ = {
			isa = PBXSourcesBuildPhase;
			buildActionMask = 2147483647;
			files = (
				ECD3FFD51A740ECA00F6CD9D /* ViewController.swift in Sources */,
				ECD3002D1A7543E000F6CD9D /* SavedCoordsTVC.swift in Sources */,
				ECD3002B1A753F2400F6CD9D /* AvgCoordsVC.swift in Sources */,
				ECD3002F1A754DE900F6CD9D /* Functions.swift in Sources */,
				EC01EB8B1A76CADA009CA309 /* CoordFormatTVC.swift in Sources */,
				ECD3FFD31A740ECA00F6CD9D /* AppDelegate.swift in Sources */,
			);
			runOnlyForDeploymentPostprocessing = 0;
		};
		ECD3FFDE1A740ECA00F6CD9D /* Sources */ = {
			isa = PBXSourcesBuildPhase;
			buildActionMask = 2147483647;
			files = (
				ECD3FFE91A740ECA00F6CD9D /* GPS_AveragerTests.swift in Sources */,
			);
			runOnlyForDeploymentPostprocessing = 0;
		};
/* End PBXSourcesBuildPhase section */

/* Begin PBXTargetDependency section */
		ECD3FFE41A740ECA00F6CD9D /* PBXTargetDependency */ = {
			isa = PBXTargetDependency;
			target = ECD3FFCC1A740ECA00F6CD9D /* GPS Averager */;
			targetProxy = ECD3FFE31A740ECA00F6CD9D /* PBXContainerItemProxy */;
		};
/* End PBXTargetDependency section */

/* Begin PBXVariantGroup section */
		ECD3FFD61A740ECA00F6CD9D /* Main.storyboard */ = {
			isa = PBXVariantGroup;
			children = (
				ECD3FFD71A740ECA00F6CD9D /* Base */,
			);
			name = Main.storyboard;
			sourceTree = "<group>";
		};
		ECD3FFDB1A740ECA00F6CD9D /* LaunchScreen.xib */ = {
			isa = PBXVariantGroup;
			children = (
				ECD3FFDC1A740ECA00F6CD9D /* Base */,
			);
			name = LaunchScreen.xib;
			sourceTree = "<group>";
		};
/* End PBXVariantGroup section */

/* Begin XCBuildConfiguration section */
		ECD3FFEA1A740ECA00F6CD9D /* Debug */ = {
			isa = XCBuildConfiguration;
			buildSettings = {
				ALWAYS_SEARCH_USER_PATHS = NO;
				CLANG_CXX_LANGUAGE_STANDARD = "gnu++0x";
				CLANG_CXX_LIBRARY = "libc++";
				CLANG_ENABLE_MODULES = YES;
				CLANG_ENABLE_OBJC_ARC = YES;
				CLANG_WARN_BOOL_CONVERSION = YES;
				CLANG_WARN_CONSTANT_CONVERSION = YES;
				CLANG_WARN_DIRECT_OBJC_ISA_USAGE = YES_ERROR;
				CLANG_WARN_EMPTY_BODY = YES;
				CLANG_WARN_ENUM_CONVERSION = YES;
				CLANG_WARN_INT_CONVERSION = YES;
				CLANG_WARN_OBJC_ROOT_CLASS = YES_ERROR;
				CLANG_WARN_UNREACHABLE_CODE = YES;
				CLANG_WARN__DUPLICATE_METHOD_MATCH = YES;
				"CODE_SIGN_IDENTITY[sdk=iphoneos*]" = "iPhone Developer";
				COPY_PHASE_STRIP = NO;
				ENABLE_STRICT_OBJC_MSGSEND = YES;
				GCC_C_LANGUAGE_STANDARD = gnu99;
				GCC_DYNAMIC_NO_PIC = NO;
				GCC_OPTIMIZATION_LEVEL = 0;
				GCC_PREPROCESSOR_DEFINITIONS = (
					"DEBUG=1",
					"$(inherited)",
				);
				GCC_SYMBOLS_PRIVATE_EXTERN = NO;
				GCC_WARN_64_TO_32_BIT_CONVERSION = YES;
				GCC_WARN_ABOUT_RETURN_TYPE = YES_ERROR;
				GCC_WARN_UNDECLARED_SELECTOR = YES;
				GCC_WARN_UNINITIALIZED_AUTOS = YES_AGGRESSIVE;
				GCC_WARN_UNUSED_FUNCTION = YES;
				GCC_WARN_UNUSED_VARIABLE = YES;
				IPHONEOS_DEPLOYMENT_TARGET = 8.1;
				MTL_ENABLE_DEBUG_INFO = YES;
				ONLY_ACTIVE_ARCH = YES;
				SDKROOT = iphoneos;
				SWIFT_OPTIMIZATION_LEVEL = "-Onone";
			};
			name = Debug;
		};
		ECD3FFEB1A740ECA00F6CD9D /* Release */ = {
			isa = XCBuildConfiguration;
			buildSettings = {
				ALWAYS_SEARCH_USER_PATHS = NO;
				CLANG_CXX_LANGUAGE_STANDARD = "gnu++0x";
				CLANG_CXX_LIBRARY = "libc++";
				CLANG_ENABLE_MODULES = YES;
				CLANG_ENABLE_OBJC_ARC = YES;
				CLANG_WARN_BOOL_CONVERSION = YES;
				CLANG_WARN_CONSTANT_CONVERSION = YES;
				CLANG_WARN_DIRECT_OBJC_ISA_USAGE = YES_ERROR;
				CLANG_WARN_EMPTY_BODY = YES;
				CLANG_WARN_ENUM_CONVERSION = YES;
				CLANG_WARN_INT_CONVERSION = YES;
				CLANG_WARN_OBJC_ROOT_CLASS = YES_ERROR;
				CLANG_WARN_UNREACHABLE_CODE = YES;
				CLANG_WARN__DUPLICATE_METHOD_MATCH = YES;
				"CODE_SIGN_IDENTITY[sdk=iphoneos*]" = "iPhone Developer";
				COPY_PHASE_STRIP = YES;
				ENABLE_NS_ASSERTIONS = NO;
				ENABLE_STRICT_OBJC_MSGSEND = YES;
				GCC_C_LANGUAGE_STANDARD = gnu99;
				GCC_WARN_64_TO_32_BIT_CONVERSION = YES;
				GCC_WARN_ABOUT_RETURN_TYPE = YES_ERROR;
				GCC_WARN_UNDECLARED_SELECTOR = YES;
				GCC_WARN_UNINITIALIZED_AUTOS = YES_AGGRESSIVE;
				GCC_WARN_UNUSED_FUNCTION = YES;
				GCC_WARN_UNUSED_VARIABLE = YES;
				IPHONEOS_DEPLOYMENT_TARGET = 8.1;
				MTL_ENABLE_DEBUG_INFO = NO;
				SDKROOT = iphoneos;
				VALIDATE_PRODUCT = YES;
			};
			name = Release;
		};
		ECD3FFED1A740ECA00F6CD9D /* Debug */ = {
			isa = XCBuildConfiguration;
			buildSettings = {
				ASSETCATALOG_COMPILER_APPICON_NAME = AppIcon;
				INFOPLIST_FILE = "GPS Averager/Info.plist";
				IPHONEOS_DEPLOYMENT_TARGET = 7.1;
				LD_RUNPATH_SEARCH_PATHS = "$(inherited) @executable_path/Frameworks";
				PRODUCT_NAME = "$(TARGET_NAME)";
			};
			name = Debug;
		};
		ECD3FFEE1A740ECA00F6CD9D /* Release */ = {
			isa = XCBuildConfiguration;
			buildSettings = {
				ASSETCATALOG_COMPILER_APPICON_NAME = AppIcon;
				INFOPLIST_FILE = "GPS Averager/Info.plist";
				IPHONEOS_DEPLOYMENT_TARGET = 7.1;
				LD_RUNPATH_SEARCH_PATHS = "$(inherited) @executable_path/Frameworks";
				PRODUCT_NAME = "$(TARGET_NAME)";
			};
			name = Release;
		};
		ECD3FFF01A740ECA00F6CD9D /* Debug */ = {
			isa = XCBuildConfiguration;
			buildSettings = {
				BUNDLE_LOADER = "$(TEST_HOST)";
				FRAMEWORK_SEARCH_PATHS = (
					"$(SDKROOT)/Developer/Library/Frameworks",
					"$(inherited)",
				);
				GCC_PREPROCESSOR_DEFINITIONS = (
					"DEBUG=1",
					"$(inherited)",
				);
				INFOPLIST_FILE = "GPS AveragerTests/Info.plist";
				LD_RUNPATH_SEARCH_PATHS = "$(inherited) @executable_path/Frameworks @loader_path/Frameworks";
				PRODUCT_NAME = "$(TARGET_NAME)";
				TEST_HOST = "$(BUILT_PRODUCTS_DIR)/GPS Averager.app/GPS Averager";
			};
			name = Debug;
		};
		ECD3FFF11A740ECA00F6CD9D /* Release */ = {
			isa = XCBuildConfiguration;
			buildSettings = {
				BUNDLE_LOADER = "$(TEST_HOST)";
				FRAMEWORK_SEARCH_PATHS = (
					"$(SDKROOT)/Developer/Library/Frameworks",
					"$(inherited)",
				);
				INFOPLIST_FILE = "GPS AveragerTests/Info.plist";
				LD_RUNPATH_SEARCH_PATHS = "$(inherited) @executable_path/Frameworks @loader_path/Frameworks";
				PRODUCT_NAME = "$(TARGET_NAME)";
				TEST_HOST = "$(BUILT_PRODUCTS_DIR)/GPS Averager.app/GPS Averager";
			};
			name = Release;
		};
/* End XCBuildConfiguration section */

/* Begin XCConfigurationList section */
		ECD3FFC81A740ECA00F6CD9D /* Build configuration list for PBXProject "GPS Averager" */ = {
			isa = XCConfigurationList;
			buildConfigurations = (
				ECD3FFEA1A740ECA00F6CD9D /* Debug */,
				ECD3FFEB1A740ECA00F6CD9D /* Release */,
			);
			defaultConfigurationIsVisible = 0;
			defaultConfigurationName = Release;
		};
		ECD3FFEC1A740ECA00F6CD9D /* Build configuration list for PBXNativeTarget "GPS Averager" */ = {
			isa = XCConfigurationList;
			buildConfigurations = (
				ECD3FFED1A740ECA00F6CD9D /* Debug */,
				ECD3FFEE1A740ECA00F6CD9D /* Release */,
			);
			defaultConfigurationIsVisible = 0;
			defaultConfigurationName = Release;
		};
		ECD3FFEF1A740ECA00F6CD9D /* Build configuration list for PBXNativeTarget "GPS AveragerTests" */ = {
			isa = XCConfigurationList;
			buildConfigurations = (
				ECD3FFF01A740ECA00F6CD9D /* Debug */,
				ECD3FFF11A740ECA00F6CD9D /* Release */,
			);
			defaultConfigurationIsVisible = 0;
			defaultConfigurationName = Release;
		};
/* End XCConfigurationList section */
	};
	rootObject = ECD3FFC51A740ECA00F6CD9D /* Project object */;
}
